
Microsoft Visual Studio Solution File, Format Version 12.00
# Visual Studio Version 17
VisualStudioVersion = 17.5.33530.505
MinimumVisualStudioVersion = 10.0.40219.1
Project("{9A19103F-16F7-4668-BE54-9A1E7A4F7556}") = "kickerapi", "kickerapi\kickerapi.csproj", "{F3998F7A-E5F1-4D62-8E7C-DD2A7891ECAA}"
EndProject
Project("{FAE04EC0-301F-11D3-BF4B-00C04F79EFBC}") = "ClassLibrary", "ClassLibrary\ClassLibrary.csproj", "{771C26E1-6C48-450A-A26C-EAD0C62209DB}"
EndProject
Global
	GlobalSection(SolutionConfigurationPlatforms) = preSolution
		Debug|Any CPU = Debug|Any CPU
		Release|Any CPU = Release|Any CPU
	EndGlobalSection
	GlobalSection(ProjectConfigurationPlatforms) = postSolution
		{F3998F7A-E5F1-4D62-8E7C-DD2A7891ECAA}.Debug|Any CPU.ActiveCfg = Debug|Any CPU
		{F3998F7A-E5F1-4D62-8E7C-DD2A7891ECAA}.Debug|Any CPU.Build.0 = Debug|Any CPU
		{F3998F7A-E5F1-4D62-8E7C-DD2A7891ECAA}.Release|Any CPU.ActiveCfg = Release|Any CPU
		{F3998F7A-E5F1-4D62-8E7C-DD2A7891ECAA}.Release|Any CPU.Build.0 = Release|Any CPU
		{771C26E1-6C48-450A-A26C-EAD0C62209DB}.Debug|Any CPU.ActiveCfg = Debug|Any CPU
		{771C26E1-6C48-450A-A26C-EAD0C62209DB}.Debug|Any CPU.Build.0 = Debug|Any CPU
		{771C26E1-6C48-450A-A26C-EAD0C62209DB}.Release|Any CPU.ActiveCfg = Release|Any CPU
		{771C26E1-6C48-450A-A26C-EAD0C62209DB}.Release|Any CPU.Build.0 = Release|Any CPU
	EndGlobalSection
	GlobalSection(SolutionProperties) = preSolution
		HideSolutionNode = FALSE
	EndGlobalSection
	GlobalSection(ExtensibilityGlobals) = postSolution
		SolutionGuid = {D4100E6D-D636-4A82-95E9-279A6C49D408}
	EndGlobalSection
EndGlobal
